
Microsoft Visual Studio Solution File, Format Version 12.00
# Visual Studio Version 17
VisualStudioVersion = 17.14.36518.9
MinimumVisualStudioVersion = 10.0.40219.1
Project("{FAE04EC0-301F-11D3-BF4B-00C04F79EFBC}") = "HastaneRandevuSistemi", "HastaneRandevuSistemi.csproj", "{76E3AA9F-6000-4679-9A07-6038E02884EB}"
EndProject
Global
	GlobalSection(SolutionConfigurationPlatforms) = preSolution
		Debug|Any CPU = Debug|Any CPU
		Release|Any CPU = Release|Any CPU
	EndGlobalSection
	GlobalSection(ProjectConfigurationPlatforms) = postSolution
		{76E3AA9F-6000-4679-9A07-6038E02884EB}.Debug|Any CPU.ActiveCfg = Debug|Any CPU
		{76E3AA9F-6000-4679-9A07-6038E02884EB}.Debug|Any CPU.Build.0 = Debug|Any CPU
		{76E3AA9F-6000-4679-9A07-6038E02884EB}.Release|Any CPU.ActiveCfg = Release|Any CPU
		{76E3AA9F-6000-4679-9A07-6038E02884EB}.Release|Any CPU.Build.0 = Release|Any CPU
	EndGlobalSection
	GlobalSection(SolutionProperties) = preSolution
		HideSolutionNode = FALSE
	EndGlobalSection
	GlobalSection(ExtensibilityGlobals) = postSolution
		SolutionGuid = {20664719-48F6-4F09-B5CA-9F7033E1BFB2}
	EndGlobalSection
EndGlobal
